
Microsoft Visual Studio Solution File, Format Version 12.00
# Visual Studio Version 17
VisualStudioVersion = 17.6.33829.357
MinimumVisualStudioVersion = 10.0.40219.1
Project("{FAE04EC0-301F-11D3-BF4B-00C04F79EFBC}") = "Kolokwium18-11", "Kolokwium18-11\Kolokwium18-11.csproj", "{2F7BC87B-E74D-4576-BE8F-A79035E10F19}"
EndProject
Global
	GlobalSection(SolutionConfigurationPlatforms) = preSolution
		Debug|Any CPU = Debug|Any CPU
		Release|Any CPU = Release|Any CPU
	EndGlobalSection
	GlobalSection(ProjectConfigurationPlatforms) = postSolution
		{2F7BC87B-E74D-4576-BE8F-A79035E10F19}.Debug|Any CPU.ActiveCfg = Debug|Any CPU
		{2F7BC87B-E74D-4576-BE8F-A79035E10F19}.Debug|Any CPU.Build.0 = Debug|Any CPU
		{2F7BC87B-E74D-4576-BE8F-A79035E10F19}.Release|Any CPU.ActiveCfg = Release|Any CPU
		{2F7BC87B-E74D-4576-BE8F-A79035E10F19}.Release|Any CPU.Build.0 = Release|Any CPU
	EndGlobalSection
	GlobalSection(SolutionProperties) = preSolution
		HideSolutionNode = FALSE
	EndGlobalSection
	GlobalSection(ExtensibilityGlobals) = postSolution
		SolutionGuid = {DC244EA0-7738-41CD-8631-EB719E9BAAEC}
	EndGlobalSection
EndGlobal
